
Microsoft Visual Studio Solution File, Format Version 12.00
# Visual Studio 15
VisualStudioVersion = 15.0.27130.2027
MinimumVisualStudioVersion = 10.0.40219.1
Project("{182E2583-ECAD-465B-BB50-91101D7C24CE}") = "LogAnalysis", "LogAnalysis\LogAnalysis.usqlproj", "{90B6211D-0A2B-48BA-9E7D-280EE7F859E4}"
EndProject
Project("{FAE04EC0-301F-11D3-BF4B-00C04F79EFBC}") = "LogParser", "LogParser\LogParser.csproj", "{ED6911E0-02B2-4FF5-8ECE-4616C25DC8F6}"
EndProject
Project("{FAE04EC0-301F-11D3-BF4B-00C04F79EFBC}") = "LogParser.Tests", "LogParser.Tests\LogParser.Tests.csproj", "{A5E4AD3A-0DB6-41C7-8D75-235675960834}"
EndProject
Global
	GlobalSection(SolutionConfigurationPlatforms) = preSolution
		Debug|Any CPU = Debug|Any CPU
		Debug|x64 = Debug|x64
		Debug|x86 = Debug|x86
		Release|Any CPU = Release|Any CPU
		Release|x64 = Release|x64
		Release|x86 = Release|x86
	EndGlobalSection
	GlobalSection(ProjectConfigurationPlatforms) = postSolution
		{90B6211D-0A2B-48BA-9E7D-280EE7F859E4}.Debug|Any CPU.ActiveCfg = Debug|Any CPU
		{90B6211D-0A2B-48BA-9E7D-280EE7F859E4}.Debug|Any CPU.Build.0 = Debug|Any CPU
		{90B6211D-0A2B-48BA-9E7D-280EE7F859E4}.Debug|x64.ActiveCfg = Debug|x64
		{90B6211D-0A2B-48BA-9E7D-280EE7F859E4}.Debug|x64.Build.0 = Debug|x64
		{90B6211D-0A2B-48BA-9E7D-280EE7F859E4}.Debug|x86.ActiveCfg = Debug|x86
		{90B6211D-0A2B-48BA-9E7D-280EE7F859E4}.Debug|x86.Build.0 = Debug|x86
		{90B6211D-0A2B-48BA-9E7D-280EE7F859E4}.Release|Any CPU.ActiveCfg = Release|Any CPU
		{90B6211D-0A2B-48BA-9E7D-280EE7F859E4}.Release|Any CPU.Build.0 = Release|Any CPU
		{90B6211D-0A2B-48BA-9E7D-280EE7F859E4}.Release|x64.ActiveCfg = Release|x64
		{90B6211D-0A2B-48BA-9E7D-280EE7F859E4}.Release|x64.Build.0 = Release|x64
		{90B6211D-0A2B-48BA-9E7D-280EE7F859E4}.Release|x86.ActiveCfg = Release|x86
		{90B6211D-0A2B-48BA-9E7D-280EE7F859E4}.Release|x86.Build.0 = Release|x86
		{ED6911E0-02B2-4FF5-8ECE-4616C25DC8F6}.Debug|Any CPU.ActiveCfg = Debug|Any CPU
		{ED6911E0-02B2-4FF5-8ECE-4616C25DC8F6}.Debug|Any CPU.Build.0 = Debug|Any CPU
		{ED6911E0-02B2-4FF5-8ECE-4616C25DC8F6}.Debug|x64.ActiveCfg = Debug|Any CPU
		{ED6911E0-02B2-4FF5-8ECE-4616C25DC8F6}.Debug|x64.Build.0 = Debug|Any CPU
		{ED6911E0-02B2-4FF5-8ECE-4616C25DC8F6}.Debug|x86.ActiveCfg = Debug|Any CPU
		{ED6911E0-02B2-4FF5-8ECE-4616C25DC8F6}.Debug|x86.Build.0 = Debug|Any CPU
		{ED6911E0-02B2-4FF5-8ECE-4616C25DC8F6}.Release|Any CPU.ActiveCfg = Release|Any CPU
		{ED6911E0-02B2-4FF5-8ECE-4616C25DC8F6}.Release|Any CPU.Build.0 = Release|Any CPU
		{ED6911E0-02B2-4FF5-8ECE-4616C25DC8F6}.Release|x64.ActiveCfg = Release|Any CPU
		{ED6911E0-02B2-4FF5-8ECE-4616C25DC8F6}.Release|x64.Build.0 = Release|Any CPU
		{ED6911E0-02B2-4FF5-8ECE-4616C25DC8F6}.Release|x86.ActiveCfg = Release|Any CPU
		{ED6911E0-02B2-4FF5-8ECE-4616C25DC8F6}.Release|x86.Build.0 = Release|Any CPU
		{A5E4AD3A-0DB6-41C7-8D75-235675960834}.Debug|Any CPU.ActiveCfg = Debug|Any CPU
		{A5E4AD3A-0DB6-41C7-8D75-235675960834}.Debug|Any CPU.Build.0 = Debug|Any CPU
		{A5E4AD3A-0DB6-41C7-8D75-235675960834}.Debug|x64.ActiveCfg = Debug|Any CPU
		{A5E4AD3A-0DB6-41C7-8D75-235675960834}.Debug|x64.Build.0 = Debug|Any CPU
		{A5E4AD3A-0DB6-41C7-8D75-235675960834}.Debug|x86.ActiveCfg = Debug|Any CPU
		{A5E4AD3A-0DB6-41C7-8D75-235675960834}.Debug|x86.Build.0 = Debug|Any CPU
		{A5E4AD3A-0DB6-41C7-8D75-235675960834}.Release|Any CPU.ActiveCfg = Release|Any CPU
		{A5E4AD3A-0DB6-41C7-8D75-235675960834}.Release|Any CPU.Build.0 = Release|Any CPU
		{A5E4AD3A-0DB6-41C7-8D75-235675960834}.Release|x64.ActiveCfg = Release|Any CPU
		{A5E4AD3A-0DB6-41C7-8D75-235675960834}.Release|x64.Build.0 = Release|Any CPU
		{A5E4AD3A-0DB6-41C7-8D75-235675960834}.Release|x86.ActiveCfg = Release|Any CPU
		{A5E4AD3A-0DB6-41C7-8D75-235675960834}.Release|x86.Build.0 = Release|Any CPU
	EndGlobalSection
	GlobalSection(SolutionProperties) = preSolution
		HideSolutionNode = FALSE
	EndGlobalSection
	GlobalSection(ExtensibilityGlobals) = postSolution
		SolutionGuid = {D8B0A555-1AA5-428E-B92A-4F8BC9E2911C}
	EndGlobalSection
EndGlobal
